
Microsoft Visual Studio Solution File, Format Version 12.00
# Visual Studio Version 16
VisualStudioVersion = 16.0.33328.57
MinimumVisualStudioVersion = 10.0.40219.1
Project("{FAE04EC0-301F-11D3-BF4B-00C04F79EFBC}") = "Farmacie", "Farmacie.csproj", "{36D454B4-FB08-446B-A78C-46FFD9613ACE}"
EndProject
Global
	GlobalSection(SolutionConfigurationPlatforms) = preSolution
		Debug|Any CPU = Debug|Any CPU
		Release|Any CPU = Release|Any CPU
	EndGlobalSection
	GlobalSection(ProjectConfigurationPlatforms) = postSolution
		{36D454B4-FB08-446B-A78C-46FFD9613ACE}.Debug|Any CPU.ActiveCfg = Debug|Any CPU
		{36D454B4-FB08-446B-A78C-46FFD9613ACE}.Debug|Any CPU.Build.0 = Debug|Any CPU
		{36D454B4-FB08-446B-A78C-46FFD9613ACE}.Release|Any CPU.ActiveCfg = Release|Any CPU
		{36D454B4-FB08-446B-A78C-46FFD9613ACE}.Release|Any CPU.Build.0 = Release|Any CPU
	EndGlobalSection
	GlobalSection(SolutionProperties) = preSolution
		HideSolutionNode = FALSE
	EndGlobalSection
	GlobalSection(ExtensibilityGlobals) = postSolution
		SolutionGuid = {FE13C27A-94BF-40AF-B309-2EA9EC3A3387}
	EndGlobalSection
EndGlobal
